
Microsoft Visual Studio Solution File, Format Version 10.00
# Visual Studio 2008
Project("{8BC9CEB8-8B4A-11D0-8D11-00A0C91BC942}") = "android_hardware_ril-cm-10.2", "android_hardware_ril-cm-10.2.vcproj", "{FE51D68A-5B6A-4A27-BD1D-9B0020A71905}"
EndProject
Project("{8BC9CEB8-8B4A-11D0-8D11-00A0C91BC942}") = "startWithStr", "..\startWithStr\startWithStr.vcproj", "{7371DF41-2521-4EEF-B571-243D953839D0}"
EndProject
Project("{8BC9CEB8-8B4A-11D0-8D11-00A0C91BC942}") = "安全地移除list中的元素", "..\安全地移除list中的元素\安全地移除list中的元素.vcproj", "{AE72A7EB-BC84-4661-A394-7744CB12CC4F}"
EndProject
Project("{8BC9CEB8-8B4A-11D0-8D11-00A0C91BC942}") = "函数指针", "..\函数指针\函数指针.vcproj", "{811A3B05-0522-4764-A01C-7B481F396A49}"
EndProject
Project("{8BC9CEB8-8B4A-11D0-8D11-00A0C91BC942}") = "链表", "..\链表\链表.vcproj", "{E783E2BD-5951-45CD-B456-A0FB40810739}"
EndProject
Project("{8BC9CEB8-8B4A-11D0-8D11-00A0C91BC942}") = "Linux线程pthread", "..\Linux线程pthread\Linux线程pthread.vcproj", "{D38A1C4B-33D9-4657-8E89-5239A218E738}"
EndProject
Project("{8BC9CEB8-8B4A-11D0-8D11-00A0C91BC942}") = "冒泡排序", "..\冒泡排序\冒泡排序.vcproj", "{F5C14195-AC8B-45E5-8060-56B792F4B298}"
EndProject
Project("{8BC9CEB8-8B4A-11D0-8D11-00A0C91BC942}") = "文件操作", "..\文件操作\文件操作.vcproj", "{DF72D78E-107F-4038-87FA-12EA9F890A0E}"
EndProject
Project("{8BC9CEB8-8B4A-11D0-8D11-00A0C91BC942}") = "codeConvert", "..\c++代码库\codeConvert\codeConvert.vcproj", "{166E383D-88AB-4AAB-8447-E2E2C80A23F3}"
EndProject
Project("{8BC9CEB8-8B4A-11D0-8D11-00A0C91BC942}") = "MyPool", "..\c++代码库\MyPool\MyPool.vcproj", "{4E0AC75C-620D-475D-9483-50E56D55DFA9}"
EndProject
Project("{8BC9CEB8-8B4A-11D0-8D11-00A0C91BC942}") = "unicode_convert", "..\c++代码库\unicode_convert\unicode_convert.vcproj", "{397CEDA3-B597-499C-9579-6020AF8A3804}"
EndProject
Project("{8BC9CEB8-8B4A-11D0-8D11-00A0C91BC942}") = "OpenGL", "..\c++代码库\OpenGL-Robot-Arm-moving-simulate\trd3d_OpenGL\OpenGL.vcproj", "{69E9A3BA-F87A-4A99-A4DE-F3F08102AC59}"
EndProject
Project("{8BC9CEB8-8B4A-11D0-8D11-00A0C91BC942}") = "操作符重载", "..\c++代码库\操作符重载\操作符重载\操作符重载\操作符重载.vcproj", "{D9C5C77E-7A44-4251-97E7-A93673AF04D8}"
EndProject
Project("{8BC9CEB8-8B4A-11D0-8D11-00A0C91BC942}") = "SelectModule", "..\c++代码库\SelectModule\SelectModule.vcproj", "{D1303653-9A95-4A85-A0D5-8E00E2C5AA4D}"
EndProject
Project("{8BC9CEB8-8B4A-11D0-8D11-00A0C91BC942}") = "split_charactor", "..\c++代码库\split_charactor\split_charactor\split_charactor.vcproj", "{D6B073DC-A4AB-4085-80BB-BF571E063D14}"
EndProject
Project("{8BC9CEB8-8B4A-11D0-8D11-00A0C91BC942}") = "ImageCheck", "..\codesample\ImageCheck\ImageCheck.vcproj", "{7A2BC5FB-ED00-404B-924C-31128CAE78B0}"
EndProject
Project("{8BC9CEB8-8B4A-11D0-8D11-00A0C91BC942}") = "PiggyStressTestClient", "..\codesample\网络编程相关\PiggyStressTestClient\PiggyStressTestClient\PiggyStressTestClient.vcproj", "{C49B12D7-84BD-4DAB-8046-6F7A74D34460}"
EndProject
Project("{2150E333-8FDC-42A3-9474-1A3956D46DE8}") = "网路编程", "网路编程", "{7068A86C-0DF5-490C-9E96-85C49E6BDE1F}"
EndProject
Project("{8BC9CEB8-8B4A-11D0-8D11-00A0C91BC942}") = "PiggyIOCPServer", "..\codesample\网络编程相关\PiggyIOCPServer_2008\PiggyIOCPServer\PiggyIOCPServer.vcproj", "{9FE00D8B-927C-4E82-8F1E-27A9385FEC25}"
EndProject
Project("{2150E333-8FDC-42A3-9474-1A3956D46DE8}") = "FlyControl", "FlyControl", "{D7C6E949-7704-489A-8D6B-BFC69883E9C5}"
EndProject
Project("{2150E333-8FDC-42A3-9474-1A3956D46DE8}") = "work", "work", "{1F4CA7A2-6908-4D9B-BB64-E429B81D049F}"
EndProject
Project("{2150E333-8FDC-42A3-9474-1A3956D46DE8}") = "Utilits", "Utilits", "{0DBBACFD-36AC-42B3-A8E3-6C3D6CC01D6C}"
EndProject
Project("{2150E333-8FDC-42A3-9474-1A3956D46DE8}") = "OpenGL", "OpenGL", "{4D9F1B82-55B8-442E-9219-56109CAA8E36}"
EndProject
Project("{2150E333-8FDC-42A3-9474-1A3956D46DE8}") = "C", "C", "{5BB7CB14-36E2-4493-A7C5-787F389814EF}"
EndProject
Project("{8BC9CEB8-8B4A-11D0-8D11-00A0C91BC942}") = "用waitpid检测子进程的退出状态", "..\CcodeUtlitis\用waitpid检测子进程的退出状态\用waitpid检测子进程的退出状态.vcproj", "{DA4EC984-491D-4FB1-99B5-2015E004A091}"
EndProject
Project("{8BC9CEB8-8B4A-11D0-8D11-00A0C91BC942}") = "SoftAP", "..\c++代码库\SoftAP\SoftAP.vcproj", "{7998A5BC-4BAE-4EA5-91A3-2030BBFF9A28}"
EndProject
Project("{8BC9CEB8-8B4A-11D0-8D11-00A0C91BC942}") = "ControlFlow", "..\ControlFlow\ControlFlow.vcproj", "{6C12E2FF-0802-4CA9-AE7F-7078D3A5ADA8}"
EndProject
Project("{8BC9CEB8-8B4A-11D0-8D11-00A0C91BC942}") = "bitcraze-crazyflie-firmware", "F:\快盘\飞控\crazyflie_control_board\bitcraze-crazyflie-firmware-26d661941c7e\bitcraze-crazyflie-firmware.vcproj", "{A3D48CEA-52B7-44CE-8959-B141563F8D87}"
EndProject
Project("{8BC9CEB8-8B4A-11D0-8D11-00A0C91BC942}") = "libIconv", "..\CcodeUtlitis\TinyXml\libIconv\libIconv.vcproj", "{88FF38A5-9232-42C6-A287-CED2A36FE3D8}"
EndProject
Project("{8BC9CEB8-8B4A-11D0-8D11-00A0C91BC942}") = "TinyXml", "..\CcodeUtlitis\TinyXml\TinyXml\TinyXml.vcproj", "{53D48DCD-5E13-43AF-8F88-C0D562B58049}"
EndProject
Project("{8BC9CEB8-8B4A-11D0-8D11-00A0C91BC942}") = "boost_xml_parse", "..\CcodeUtlitis\boost_xml_parse\boost_xml_parse.vcproj", "{4D52AFCA-6132-4E20-BD0F-964CC90AB846}"
EndProject
Project("{8BC9CEB8-8B4A-11D0-8D11-00A0C91BC942}") = "全套Socket简单编程实例", "..\CcodeUtlitis\全套Socket简单编程实例\全套Socket简单编程实例\全套Socket简单编程实例.vcproj", "{2ACBF8BB-F372-47CB-9520-639C2327A77C}"
EndProject
Project("{8BC9CEB8-8B4A-11D0-8D11-00A0C91BC942}") = "tinyftp", "..\CcodeUtlitis\tinyftp\tinyftp.vcproj", "{04AC556E-7D20-480A-80BB-3F8DA12B2630}"
EndProject
Project("{8BC9CEB8-8B4A-11D0-8D11-00A0C91BC942}") = "统计代码执行时间", "..\CcodeUtlitis\统计代码执行时间\统计代码执行时间.vcproj", "{DF788210-8CAF-4F2E-92F2-9E6EE1455E51}"
EndProject
Global
	GlobalSection(SolutionConfigurationPlatforms) = preSolution
		Debug|Win32 = Debug|Win32
		Release|Win32 = Release|Win32
	EndGlobalSection
	GlobalSection(ProjectConfigurationPlatforms) = postSolution
		{FE51D68A-5B6A-4A27-BD1D-9B0020A71905}.Debug|Win32.ActiveCfg = Debug|Win32
		{FE51D68A-5B6A-4A27-BD1D-9B0020A71905}.Debug|Win32.Build.0 = Debug|Win32
		{FE51D68A-5B6A-4A27-BD1D-9B0020A71905}.Release|Win32.ActiveCfg = Release|Win32
		{FE51D68A-5B6A-4A27-BD1D-9B0020A71905}.Release|Win32.Build.0 = Release|Win32
		{7371DF41-2521-4EEF-B571-243D953839D0}.Debug|Win32.ActiveCfg = Debug|Win32
		{7371DF41-2521-4EEF-B571-243D953839D0}.Debug|Win32.Build.0 = Debug|Win32
		{7371DF41-2521-4EEF-B571-243D953839D0}.Release|Win32.ActiveCfg = Release|Win32
		{7371DF41-2521-4EEF-B571-243D953839D0}.Release|Win32.Build.0 = Release|Win32
		{AE72A7EB-BC84-4661-A394-7744CB12CC4F}.Debug|Win32.ActiveCfg = Debug|Win32
		{AE72A7EB-BC84-4661-A394-7744CB12CC4F}.Debug|Win32.Build.0 = Debug|Win32
		{AE72A7EB-BC84-4661-A394-7744CB12CC4F}.Release|Win32.ActiveCfg = Release|Win32
		{AE72A7EB-BC84-4661-A394-7744CB12CC4F}.Release|Win32.Build.0 = Release|Win32
		{811A3B05-0522-4764-A01C-7B481F396A49}.Debug|Win32.ActiveCfg = Debug|Win32
		{811A3B05-0522-4764-A01C-7B481F396A49}.Debug|Win32.Build.0 = Debug|Win32
		{811A3B05-0522-4764-A01C-7B481F396A49}.Release|Win32.ActiveCfg = Release|Win32
		{811A3B05-0522-4764-A01C-7B481F396A49}.Release|Win32.Build.0 = Release|Win32
		{E783E2BD-5951-45CD-B456-A0FB40810739}.Debug|Win32.ActiveCfg = Debug|Win32
		{E783E2BD-5951-45CD-B456-A0FB40810739}.Debug|Win32.Build.0 = Debug|Win32
		{E783E2BD-5951-45CD-B456-A0FB40810739}.Release|Win32.ActiveCfg = Release|Win32
		{E783E2BD-5951-45CD-B456-A0FB40810739}.Release|Win32.Build.0 = Release|Win32
		{D38A1C4B-33D9-4657-8E89-5239A218E738}.Debug|Win32.ActiveCfg = Debug|Win32
		{D38A1C4B-33D9-4657-8E89-5239A218E738}.Debug|Win32.Build.0 = Debug|Win32
		{D38A1C4B-33D9-4657-8E89-5239A218E738}.Release|Win32.ActiveCfg = Release|Win32
		{D38A1C4B-33D9-4657-8E89-5239A218E738}.Release|Win32.Build.0 = Release|Win32
		{F5C14195-AC8B-45E5-8060-56B792F4B298}.Debug|Win32.ActiveCfg = Debug|Win32
		{F5C14195-AC8B-45E5-8060-56B792F4B298}.Debug|Win32.Build.0 = Debug|Win32
		{F5C14195-AC8B-45E5-8060-56B792F4B298}.Release|Win32.ActiveCfg = Release|Win32
		{F5C14195-AC8B-45E5-8060-56B792F4B298}.Release|Win32.Build.0 = Release|Win32
		{DF72D78E-107F-4038-87FA-12EA9F890A0E}.Debug|Win32.ActiveCfg = Debug|Win32
		{DF72D78E-107F-4038-87FA-12EA9F890A0E}.Debug|Win32.Build.0 = Debug|Win32
		{DF72D78E-107F-4038-87FA-12EA9F890A0E}.Release|Win32.ActiveCfg = Release|Win32
		{DF72D78E-107F-4038-87FA-12EA9F890A0E}.Release|Win32.Build.0 = Release|Win32
		{166E383D-88AB-4AAB-8447-E2E2C80A23F3}.Debug|Win32.ActiveCfg = Debug|Win32
		{166E383D-88AB-4AAB-8447-E2E2C80A23F3}.Debug|Win32.Build.0 = Debug|Win32
		{166E383D-88AB-4AAB-8447-E2E2C80A23F3}.Release|Win32.ActiveCfg = Release|Win32
		{166E383D-88AB-4AAB-8447-E2E2C80A23F3}.Release|Win32.Build.0 = Release|Win32
		{4E0AC75C-620D-475D-9483-50E56D55DFA9}.Debug|Win32.ActiveCfg = Debug|Win32
		{4E0AC75C-620D-475D-9483-50E56D55DFA9}.Debug|Win32.Build.0 = Debug|Win32
		{4E0AC75C-620D-475D-9483-50E56D55DFA9}.Release|Win32.ActiveCfg = Release|Win32
		{4E0AC75C-620D-475D-9483-50E56D55DFA9}.Release|Win32.Build.0 = Release|Win32
		{397CEDA3-B597-499C-9579-6020AF8A3804}.Debug|Win32.ActiveCfg = Debug|Win32
		{397CEDA3-B597-499C-9579-6020AF8A3804}.Debug|Win32.Build.0 = Debug|Win32
		{397CEDA3-B597-499C-9579-6020AF8A3804}.Release|Win32.ActiveCfg = Release|Win32
		{397CEDA3-B597-499C-9579-6020AF8A3804}.Release|Win32.Build.0 = Release|Win32
		{69E9A3BA-F87A-4A99-A4DE-F3F08102AC59}.Debug|Win32.ActiveCfg = Debug|Win32
		{69E9A3BA-F87A-4A99-A4DE-F3F08102AC59}.Debug|Win32.Build.0 = Debug|Win32
		{69E9A3BA-F87A-4A99-A4DE-F3F08102AC59}.Release|Win32.ActiveCfg = Release|Win32
		{69E9A3BA-F87A-4A99-A4DE-F3F08102AC59}.Release|Win32.Build.0 = Release|Win32
		{D9C5C77E-7A44-4251-97E7-A93673AF04D8}.Debug|Win32.ActiveCfg = Debug|Win32
		{D9C5C77E-7A44-4251-97E7-A93673AF04D8}.Debug|Win32.Build.0 = Debug|Win32
		{D9C5C77E-7A44-4251-97E7-A93673AF04D8}.Release|Win32.ActiveCfg = Release|Win32
		{D9C5C77E-7A44-4251-97E7-A93673AF04D8}.Release|Win32.Build.0 = Release|Win32
		{D1303653-9A95-4A85-A0D5-8E00E2C5AA4D}.Debug|Win32.ActiveCfg = Debug|Win32
		{D1303653-9A95-4A85-A0D5-8E00E2C5AA4D}.Debug|Win32.Build.0 = Debug|Win32
		{D1303653-9A95-4A85-A0D5-8E00E2C5AA4D}.Release|Win32.ActiveCfg = Release|Win32
		{D1303653-9A95-4A85-A0D5-8E00E2C5AA4D}.Release|Win32.Build.0 = Release|Win32
		{D6B073DC-A4AB-4085-80BB-BF571E063D14}.Debug|Win32.ActiveCfg = Debug|Win32
		{D6B073DC-A4AB-4085-80BB-BF571E063D14}.Debug|Win32.Build.0 = Debug|Win32
		{D6B073DC-A4AB-4085-80BB-BF571E063D14}.Release|Win32.ActiveCfg = Release|Win32
		{D6B073DC-A4AB-4085-80BB-BF571E063D14}.Release|Win32.Build.0 = Release|Win32
		{7A2BC5FB-ED00-404B-924C-31128CAE78B0}.Debug|Win32.ActiveCfg = Debug|Win32
		{7A2BC5FB-ED00-404B-924C-31128CAE78B0}.Debug|Win32.Build.0 = Debug|Win32
		{7A2BC5FB-ED00-404B-924C-31128CAE78B0}.Release|Win32.ActiveCfg = Release|Win32
		{7A2BC5FB-ED00-404B-924C-31128CAE78B0}.Release|Win32.Build.0 = Release|Win32
		{C49B12D7-84BD-4DAB-8046-6F7A74D34460}.Debug|Win32.ActiveCfg = Debug|Win32
		{C49B12D7-84BD-4DAB-8046-6F7A74D34460}.Debug|Win32.Build.0 = Debug|Win32
		{C49B12D7-84BD-4DAB-8046-6F7A74D34460}.Release|Win32.ActiveCfg = Release|Win32
		{C49B12D7-84BD-4DAB-8046-6F7A74D34460}.Release|Win32.Build.0 = Release|Win32
		{9FE00D8B-927C-4E82-8F1E-27A9385FEC25}.Debug|Win32.ActiveCfg = Debug|Win32
		{9FE00D8B-927C-4E82-8F1E-27A9385FEC25}.Debug|Win32.Build.0 = Debug|Win32
		{9FE00D8B-927C-4E82-8F1E-27A9385FEC25}.Release|Win32.ActiveCfg = Release|Win32
		{9FE00D8B-927C-4E82-8F1E-27A9385FEC25}.Release|Win32.Build.0 = Release|Win32
		{DA4EC984-491D-4FB1-99B5-2015E004A091}.Debug|Win32.ActiveCfg = Debug|Win32
		{DA4EC984-491D-4FB1-99B5-2015E004A091}.Debug|Win32.Build.0 = Debug|Win32
		{DA4EC984-491D-4FB1-99B5-2015E004A091}.Release|Win32.ActiveCfg = Release|Win32
		{DA4EC984-491D-4FB1-99B5-2015E004A091}.Release|Win32.Build.0 = Release|Win32
		{7998A5BC-4BAE-4EA5-91A3-2030BBFF9A28}.Debug|Win32.ActiveCfg = Debug|Win32
		{7998A5BC-4BAE-4EA5-91A3-2030BBFF9A28}.Debug|Win32.Build.0 = Debug|Win32
		{7998A5BC-4BAE-4EA5-91A3-2030BBFF9A28}.Release|Win32.ActiveCfg = Release|Win32
		{7998A5BC-4BAE-4EA5-91A3-2030BBFF9A28}.Release|Win32.Build.0 = Release|Win32
		{6C12E2FF-0802-4CA9-AE7F-7078D3A5ADA8}.Debug|Win32.ActiveCfg = Debug|Win32
		{6C12E2FF-0802-4CA9-AE7F-7078D3A5ADA8}.Debug|Win32.Build.0 = Debug|Win32
		{6C12E2FF-0802-4CA9-AE7F-7078D3A5ADA8}.Release|Win32.ActiveCfg = Release|Win32
		{6C12E2FF-0802-4CA9-AE7F-7078D3A5ADA8}.Release|Win32.Build.0 = Release|Win32
		{A3D48CEA-52B7-44CE-8959-B141563F8D87}.Debug|Win32.ActiveCfg = Debug|Win32
		{A3D48CEA-52B7-44CE-8959-B141563F8D87}.Debug|Win32.Build.0 = Debug|Win32
		{A3D48CEA-52B7-44CE-8959-B141563F8D87}.Release|Win32.ActiveCfg = Release|Win32
		{A3D48CEA-52B7-44CE-8959-B141563F8D87}.Release|Win32.Build.0 = Release|Win32
		{88FF38A5-9232-42C6-A287-CED2A36FE3D8}.Debug|Win32.ActiveCfg = Debug|Win32
		{88FF38A5-9232-42C6-A287-CED2A36FE3D8}.Debug|Win32.Build.0 = Debug|Win32
		{88FF38A5-9232-42C6-A287-CED2A36FE3D8}.Release|Win32.ActiveCfg = Release|Win32
		{88FF38A5-9232-42C6-A287-CED2A36FE3D8}.Release|Win32.Build.0 = Release|Win32
		{53D48DCD-5E13-43AF-8F88-C0D562B58049}.Debug|Win32.ActiveCfg = Debug|Win32
		{53D48DCD-5E13-43AF-8F88-C0D562B58049}.Debug|Win32.Build.0 = Debug|Win32
		{53D48DCD-5E13-43AF-8F88-C0D562B58049}.Release|Win32.ActiveCfg = Release|Win32
		{53D48DCD-5E13-43AF-8F88-C0D562B58049}.Release|Win32.Build.0 = Release|Win32
		{4D52AFCA-6132-4E20-BD0F-964CC90AB846}.Debug|Win32.ActiveCfg = Debug|Win32
		{4D52AFCA-6132-4E20-BD0F-964CC90AB846}.Debug|Win32.Build.0 = Debug|Win32
		{4D52AFCA-6132-4E20-BD0F-964CC90AB846}.Release|Win32.ActiveCfg = Release|Win32
		{4D52AFCA-6132-4E20-BD0F-964CC90AB846}.Release|Win32.Build.0 = Release|Win32
		{2ACBF8BB-F372-47CB-9520-639C2327A77C}.Debug|Win32.ActiveCfg = Debug|Win32
		{2ACBF8BB-F372-47CB-9520-639C2327A77C}.Debug|Win32.Build.0 = Debug|Win32
		{2ACBF8BB-F372-47CB-9520-639C2327A77C}.Release|Win32.ActiveCfg = Release|Win32
		{2ACBF8BB-F372-47CB-9520-639C2327A77C}.Release|Win32.Build.0 = Release|Win32
		{04AC556E-7D20-480A-80BB-3F8DA12B2630}.Debug|Win32.ActiveCfg = Debug|Win32
		{04AC556E-7D20-480A-80BB-3F8DA12B2630}.Debug|Win32.Build.0 = Debug|Win32
		{04AC556E-7D20-480A-80BB-3F8DA12B2630}.Release|Win32.ActiveCfg = Release|Win32
		{04AC556E-7D20-480A-80BB-3F8DA12B2630}.Release|Win32.Build.0 = Release|Win32
		{DF788210-8CAF-4F2E-92F2-9E6EE1455E51}.Debug|Win32.ActiveCfg = Debug|Win32
		{DF788210-8CAF-4F2E-92F2-9E6EE1455E51}.Debug|Win32.Build.0 = Debug|Win32
		{DF788210-8CAF-4F2E-92F2-9E6EE1455E51}.Release|Win32.ActiveCfg = Release|Win32
		{DF788210-8CAF-4F2E-92F2-9E6EE1455E51}.Release|Win32.Build.0 = Release|Win32
	EndGlobalSection
	GlobalSection(SolutionProperties) = preSolution
		HideSolutionNode = FALSE
	EndGlobalSection
	GlobalSection(NestedProjects) = preSolution
		{FE51D68A-5B6A-4A27-BD1D-9B0020A71905} = {1F4CA7A2-6908-4D9B-BB64-E429B81D049F}
		{7998A5BC-4BAE-4EA5-91A3-2030BBFF9A28} = {1F4CA7A2-6908-4D9B-BB64-E429B81D049F}
		{AE72A7EB-BC84-4661-A394-7744CB12CC4F} = {0DBBACFD-36AC-42B3-A8E3-6C3D6CC01D6C}
		{811A3B05-0522-4764-A01C-7B481F396A49} = {0DBBACFD-36AC-42B3-A8E3-6C3D6CC01D6C}
		{E783E2BD-5951-45CD-B456-A0FB40810739} = {0DBBACFD-36AC-42B3-A8E3-6C3D6CC01D6C}
		{D38A1C4B-33D9-4657-8E89-5239A218E738} = {0DBBACFD-36AC-42B3-A8E3-6C3D6CC01D6C}
		{F5C14195-AC8B-45E5-8060-56B792F4B298} = {0DBBACFD-36AC-42B3-A8E3-6C3D6CC01D6C}
		{DF72D78E-107F-4038-87FA-12EA9F890A0E} = {0DBBACFD-36AC-42B3-A8E3-6C3D6CC01D6C}
		{166E383D-88AB-4AAB-8447-E2E2C80A23F3} = {0DBBACFD-36AC-42B3-A8E3-6C3D6CC01D6C}
		{4E0AC75C-620D-475D-9483-50E56D55DFA9} = {0DBBACFD-36AC-42B3-A8E3-6C3D6CC01D6C}
		{397CEDA3-B597-499C-9579-6020AF8A3804} = {0DBBACFD-36AC-42B3-A8E3-6C3D6CC01D6C}
		{D9C5C77E-7A44-4251-97E7-A93673AF04D8} = {0DBBACFD-36AC-42B3-A8E3-6C3D6CC01D6C}
		{D1303653-9A95-4A85-A0D5-8E00E2C5AA4D} = {0DBBACFD-36AC-42B3-A8E3-6C3D6CC01D6C}
		{D6B073DC-A4AB-4085-80BB-BF571E063D14} = {0DBBACFD-36AC-42B3-A8E3-6C3D6CC01D6C}
		{7371DF41-2521-4EEF-B571-243D953839D0} = {0DBBACFD-36AC-42B3-A8E3-6C3D6CC01D6C}
		{88FF38A5-9232-42C6-A287-CED2A36FE3D8} = {0DBBACFD-36AC-42B3-A8E3-6C3D6CC01D6C}
		{53D48DCD-5E13-43AF-8F88-C0D562B58049} = {0DBBACFD-36AC-42B3-A8E3-6C3D6CC01D6C}
		{4D52AFCA-6132-4E20-BD0F-964CC90AB846} = {0DBBACFD-36AC-42B3-A8E3-6C3D6CC01D6C}
		{04AC556E-7D20-480A-80BB-3F8DA12B2630} = {0DBBACFD-36AC-42B3-A8E3-6C3D6CC01D6C}
		{DF788210-8CAF-4F2E-92F2-9E6EE1455E51} = {0DBBACFD-36AC-42B3-A8E3-6C3D6CC01D6C}
		{7A2BC5FB-ED00-404B-924C-31128CAE78B0} = {4D9F1B82-55B8-442E-9219-56109CAA8E36}
		{69E9A3BA-F87A-4A99-A4DE-F3F08102AC59} = {4D9F1B82-55B8-442E-9219-56109CAA8E36}
		{C49B12D7-84BD-4DAB-8046-6F7A74D34460} = {7068A86C-0DF5-490C-9E96-85C49E6BDE1F}
		{9FE00D8B-927C-4E82-8F1E-27A9385FEC25} = {7068A86C-0DF5-490C-9E96-85C49E6BDE1F}
		{2ACBF8BB-F372-47CB-9520-639C2327A77C} = {7068A86C-0DF5-490C-9E96-85C49E6BDE1F}
		{A3D48CEA-52B7-44CE-8959-B141563F8D87} = {D7C6E949-7704-489A-8D6B-BFC69883E9C5}
		{DA4EC984-491D-4FB1-99B5-2015E004A091} = {5BB7CB14-36E2-4493-A7C5-787F389814EF}
		{6C12E2FF-0802-4CA9-AE7F-7078D3A5ADA8} = {5BB7CB14-36E2-4493-A7C5-787F389814EF}
	EndGlobalSection
EndGlobal
